
Microsoft Visual Studio Solution File, Format Version 12.00
# Visual Studio Version 16
VisualStudioVersion = 16.0.30011.22
MinimumVisualStudioVersion = 10.0.40219.1
Project("{FAE04EC0-301F-11D3-BF4B-00C04F79EFBC}") = "externaldurable", "externaldurable\externaldurable.csproj", "{575B8B63-D538-4A33-B35B-E643391444B5}"
EndProject
Global
	GlobalSection(SolutionConfigurationPlatforms) = preSolution
		Debug|Any CPU = Debug|Any CPU
		Release|Any CPU = Release|Any CPU
	EndGlobalSection
	GlobalSection(ProjectConfigurationPlatforms) = postSolution
		{575B8B63-D538-4A33-B35B-E643391444B5}.Debug|Any CPU.ActiveCfg = Debug|Any CPU
		{575B8B63-D538-4A33-B35B-E643391444B5}.Debug|Any CPU.Build.0 = Debug|Any CPU
		{575B8B63-D538-4A33-B35B-E643391444B5}.Release|Any CPU.ActiveCfg = Release|Any CPU
		{575B8B63-D538-4A33-B35B-E643391444B5}.Release|Any CPU.Build.0 = Release|Any CPU
	EndGlobalSection
	GlobalSection(SolutionProperties) = preSolution
		HideSolutionNode = FALSE
	EndGlobalSection
	GlobalSection(ExtensibilityGlobals) = postSolution
		SolutionGuid = {EC6FB4D1-07DD-4272-A3AA-153C91CF3136}
	EndGlobalSection
EndGlobal
